
Microsoft Visual Studio Solution File, Format Version 12.00
# Visual Studio Version 16
VisualStudioVersion = 16.0.29201.188
MinimumVisualStudioVersion = 10.0.40219.1
Project("{9092AA53-FB77-4645-B42D-1CCCA6BD08BD}") = "StringLength", "StringLength\StringLength.njsproj", "{4DA7EB4C-B23A-4864-9DBC-2183D3C57E72}"
EndProject
Project("{9092AA53-FB77-4645-B42D-1CCCA6BD08BD}") = "MathOperations", "MathOperations\MathOperations.njsproj", "{A1D9D734-0578-41CD-9BA9-F06D4FF40AA0}"
EndProject
Global
	GlobalSection(SolutionConfigurationPlatforms) = preSolution
		Debug|Any CPU = Debug|Any CPU
		Release|Any CPU = Release|Any CPU
	EndGlobalSection
	GlobalSection(ProjectConfigurationPlatforms) = postSolution
		{4DA7EB4C-B23A-4864-9DBC-2183D3C57E72}.Debug|Any CPU.ActiveCfg = Debug|Any CPU
		{4DA7EB4C-B23A-4864-9DBC-2183D3C57E72}.Debug|Any CPU.Build.0 = Debug|Any CPU
		{4DA7EB4C-B23A-4864-9DBC-2183D3C57E72}.Release|Any CPU.ActiveCfg = Release|Any CPU
		{4DA7EB4C-B23A-4864-9DBC-2183D3C57E72}.Release|Any CPU.Build.0 = Release|Any CPU
		{A1D9D734-0578-41CD-9BA9-F06D4FF40AA0}.Debug|Any CPU.ActiveCfg = Debug|Any CPU
		{A1D9D734-0578-41CD-9BA9-F06D4FF40AA0}.Debug|Any CPU.Build.0 = Debug|Any CPU
		{A1D9D734-0578-41CD-9BA9-F06D4FF40AA0}.Release|Any CPU.ActiveCfg = Release|Any CPU
		{A1D9D734-0578-41CD-9BA9-F06D4FF40AA0}.Release|Any CPU.Build.0 = Release|Any CPU
	EndGlobalSection
	GlobalSection(SolutionProperties) = preSolution
		HideSolutionNode = FALSE
	EndGlobalSection
	GlobalSection(ExtensibilityGlobals) = postSolution
		SolutionGuid = {5C7340C2-F200-4F8B-9C65-179FAEEF4F1C}
	EndGlobalSection
EndGlobal
